
Microsoft Visual Studio Solution File, Format Version 12.00
# Visual Studio Version 16
VisualStudioVersion = 16.0.31702.278
MinimumVisualStudioVersion = 10.0.40219.1
Project("{FAE04EC0-301F-11D3-BF4B-00C04F79EFBC}") = "Model", "Model\Model.csproj", "{FBBB363A-DE59-4910-AEA2-6B3F0B1F2557}"
EndProject
Project("{FAE04EC0-301F-11D3-BF4B-00C04F79EFBC}") = "Web", "Web\Web.csproj", "{ED2650A0-FD4F-4349-BFF6-0905DA559413}"
EndProject
Project("{FAE04EC0-301F-11D3-BF4B-00C04F79EFBC}") = "Test", "Test\Test.csproj", "{2B6B2E9B-F849-4554-B416-9C31BC11B6CF}"
EndProject
Global
	GlobalSection(SolutionConfigurationPlatforms) = preSolution
		Debug|Any CPU = Debug|Any CPU
		Release|Any CPU = Release|Any CPU
	EndGlobalSection
	GlobalSection(ProjectConfigurationPlatforms) = postSolution
		{FBBB363A-DE59-4910-AEA2-6B3F0B1F2557}.Debug|Any CPU.ActiveCfg = Debug|Any CPU
		{FBBB363A-DE59-4910-AEA2-6B3F0B1F2557}.Debug|Any CPU.Build.0 = Debug|Any CPU
		{FBBB363A-DE59-4910-AEA2-6B3F0B1F2557}.Release|Any CPU.ActiveCfg = Release|Any CPU
		{FBBB363A-DE59-4910-AEA2-6B3F0B1F2557}.Release|Any CPU.Build.0 = Release|Any CPU
		{ED2650A0-FD4F-4349-BFF6-0905DA559413}.Debug|Any CPU.ActiveCfg = Debug|Any CPU
		{ED2650A0-FD4F-4349-BFF6-0905DA559413}.Debug|Any CPU.Build.0 = Debug|Any CPU
		{ED2650A0-FD4F-4349-BFF6-0905DA559413}.Release|Any CPU.ActiveCfg = Release|Any CPU
		{ED2650A0-FD4F-4349-BFF6-0905DA559413}.Release|Any CPU.Build.0 = Release|Any CPU
		{2B6B2E9B-F849-4554-B416-9C31BC11B6CF}.Debug|Any CPU.ActiveCfg = Debug|Any CPU
		{2B6B2E9B-F849-4554-B416-9C31BC11B6CF}.Debug|Any CPU.Build.0 = Debug|Any CPU
		{2B6B2E9B-F849-4554-B416-9C31BC11B6CF}.Release|Any CPU.ActiveCfg = Release|Any CPU
		{2B6B2E9B-F849-4554-B416-9C31BC11B6CF}.Release|Any CPU.Build.0 = Release|Any CPU
	EndGlobalSection
	GlobalSection(SolutionProperties) = preSolution
		HideSolutionNode = FALSE
	EndGlobalSection
	GlobalSection(ExtensibilityGlobals) = postSolution
		SolutionGuid = {50019C70-19DD-4B08-97D5-EB035F3808DE}
	EndGlobalSection
EndGlobal
